
Microsoft Visual Studio Solution File, Format Version 12.00
# Visual Studio 15
VisualStudioVersion = 15.0.28307.421
MinimumVisualStudioVersion = 10.0.40219.1
Project("{FAE04EC0-301F-11D3-BF4B-00C04F79EFBC}") = "SelenSec", "SelenSec\SelenSec.csproj", "{C258CD29-6345-4BD4-AA0C-EE7BC87FEFE0}"
EndProject
Global
	GlobalSection(SolutionConfigurationPlatforms) = preSolution
		Debug|Any CPU = Debug|Any CPU
		Release|Any CPU = Release|Any CPU
	EndGlobalSection
	GlobalSection(ProjectConfigurationPlatforms) = postSolution
		{C258CD29-6345-4BD4-AA0C-EE7BC87FEFE0}.Debug|Any CPU.ActiveCfg = Debug|Any CPU
		{C258CD29-6345-4BD4-AA0C-EE7BC87FEFE0}.Debug|Any CPU.Build.0 = Debug|Any CPU
		{C258CD29-6345-4BD4-AA0C-EE7BC87FEFE0}.Release|Any CPU.ActiveCfg = Release|Any CPU
		{C258CD29-6345-4BD4-AA0C-EE7BC87FEFE0}.Release|Any CPU.Build.0 = Release|Any CPU
	EndGlobalSection
	GlobalSection(SolutionProperties) = preSolution
		HideSolutionNode = FALSE
	EndGlobalSection
	GlobalSection(ExtensibilityGlobals) = postSolution
		SolutionGuid = {8BBA42A6-0888-4E0C-88A8-B5C389C77A67}
	EndGlobalSection
EndGlobal
